
Microsoft Visual Studio Solution File, Format Version 12.00
# Visual Studio 15
VisualStudioVersion = 15.0.27130.2026
MinimumVisualStudioVersion = 10.0.40219.1
Project("{8BC9CEB8-8B4A-11D0-8D11-00A0C91BC942}") = "Output", "Output\Output.vcxproj", "{B0F1D5F7-F150-4294-BA4A-9E4B52A1135F}"
EndProject
Project("{8BC9CEB8-8B4A-11D0-8D11-00A0C91BC942}") = "Input", "Input\Input.vcxproj", "{984F5187-BBBD-4B8C-9DA5-37FC814AACAF}"
EndProject
Project("{2150E333-8FDC-42A3-9474-1A3956D46DE8}") = "Solution Items", "Solution Items", "{BDA7DD0F-9D63-4F19-B4DD-87B6284BAEC4}"
	ProjectSection(SolutionItems) = preProject
		..\..\..\Documents\CST116\CST116SRS02\README.md = ..\..\..\Documents\CST116\CST116SRS02\README.md
	EndProjectSection
EndProject
Global
	GlobalSection(SolutionConfigurationPlatforms) = preSolution
		Debug|x64 = Debug|x64
		Debug|x86 = Debug|x86
		Release|x64 = Release|x64
		Release|x86 = Release|x86
	EndGlobalSection
	GlobalSection(ProjectConfigurationPlatforms) = postSolution
		{B0F1D5F7-F150-4294-BA4A-9E4B52A1135F}.Debug|x64.ActiveCfg = Debug|x64
		{B0F1D5F7-F150-4294-BA4A-9E4B52A1135F}.Debug|x64.Build.0 = Debug|x64
		{B0F1D5F7-F150-4294-BA4A-9E4B52A1135F}.Debug|x86.ActiveCfg = Debug|Win32
		{B0F1D5F7-F150-4294-BA4A-9E4B52A1135F}.Debug|x86.Build.0 = Debug|Win32
		{B0F1D5F7-F150-4294-BA4A-9E4B52A1135F}.Release|x64.ActiveCfg = Release|x64
		{B0F1D5F7-F150-4294-BA4A-9E4B52A1135F}.Release|x64.Build.0 = Release|x64
		{B0F1D5F7-F150-4294-BA4A-9E4B52A1135F}.Release|x86.ActiveCfg = Release|Win32
		{B0F1D5F7-F150-4294-BA4A-9E4B52A1135F}.Release|x86.Build.0 = Release|Win32
		{984F5187-BBBD-4B8C-9DA5-37FC814AACAF}.Debug|x64.ActiveCfg = Debug|x64
		{984F5187-BBBD-4B8C-9DA5-37FC814AACAF}.Debug|x64.Build.0 = Debug|x64
		{984F5187-BBBD-4B8C-9DA5-37FC814AACAF}.Debug|x86.ActiveCfg = Debug|Win32
		{984F5187-BBBD-4B8C-9DA5-37FC814AACAF}.Debug|x86.Build.0 = Debug|Win32
		{984F5187-BBBD-4B8C-9DA5-37FC814AACAF}.Release|x64.ActiveCfg = Release|x64
		{984F5187-BBBD-4B8C-9DA5-37FC814AACAF}.Release|x64.Build.0 = Release|x64
		{984F5187-BBBD-4B8C-9DA5-37FC814AACAF}.Release|x86.ActiveCfg = Release|Win32
		{984F5187-BBBD-4B8C-9DA5-37FC814AACAF}.Release|x86.Build.0 = Release|Win32
	EndGlobalSection
	GlobalSection(SolutionProperties) = preSolution
		HideSolutionNode = FALSE
	EndGlobalSection
	GlobalSection(ExtensibilityGlobals) = postSolution
		SolutionGuid = {88659E10-F3B0-45CD-AC82-BA812F2E75F1}
	EndGlobalSection
EndGlobal
